
Microsoft Visual Studio Solution File, Format Version 11.00
# Visual Studio 2010
Project("{FAE04EC0-301F-11D3-BF4B-00C04F79EFBC}") = "LogicalPrograms", "LogicalPrograms.csproj", "{47E7299C-94B9-41F6-9607-2EEE6E2F073C}"
EndProject
Global
	GlobalSection(SolutionConfigurationPlatforms) = preSolution
		Debug|x86 = Debug|x86
		Release|x86 = Release|x86
	EndGlobalSection
	GlobalSection(ProjectConfigurationPlatforms) = postSolution
		{47E7299C-94B9-41F6-9607-2EEE6E2F073C}.Debug|x86.ActiveCfg = Debug|x86
		{47E7299C-94B9-41F6-9607-2EEE6E2F073C}.Debug|x86.Build.0 = Debug|x86
		{47E7299C-94B9-41F6-9607-2EEE6E2F073C}.Release|x86.ActiveCfg = Release|x86
		{47E7299C-94B9-41F6-9607-2EEE6E2F073C}.Release|x86.Build.0 = Release|x86
	EndGlobalSection
	GlobalSection(SolutionProperties) = preSolution
		HideSolutionNode = FALSE
	EndGlobalSection
EndGlobal
